
Microsoft Visual Studio Solution File, Format Version 12.00
# Visual Studio Version 16
VisualStudioVersion = 16.0.30611.23
MinimumVisualStudioVersion = 10.0.40219.1
Project("{FAE04EC0-301F-11D3-BF4B-00C04F79EFBC}") = "VotingWebApp", "VotingWebApp\VotingWebApp.csproj", "{5BDD328F-0F3D-43F8-BEF3-91843DE3D0A0}"
EndProject
Global
	GlobalSection(SolutionConfigurationPlatforms) = preSolution
		Debug|Any CPU = Debug|Any CPU
		Release|Any CPU = Release|Any CPU
	EndGlobalSection
	GlobalSection(ProjectConfigurationPlatforms) = postSolution
		{5BDD328F-0F3D-43F8-BEF3-91843DE3D0A0}.Debug|Any CPU.ActiveCfg = Debug|Any CPU
		{5BDD328F-0F3D-43F8-BEF3-91843DE3D0A0}.Debug|Any CPU.Build.0 = Debug|Any CPU
		{5BDD328F-0F3D-43F8-BEF3-91843DE3D0A0}.Release|Any CPU.ActiveCfg = Release|Any CPU
		{5BDD328F-0F3D-43F8-BEF3-91843DE3D0A0}.Release|Any CPU.Build.0 = Release|Any CPU
	EndGlobalSection
	GlobalSection(SolutionProperties) = preSolution
		HideSolutionNode = FALSE
	EndGlobalSection
	GlobalSection(ExtensibilityGlobals) = postSolution
		SolutionGuid = {E09BD283-C571-4974-AC74-484A8126A133}
	EndGlobalSection
EndGlobal
